
Microsoft Visual Studio Solution File, Format Version 12.00
# Visual Studio Version 17
VisualStudioVersion = 17.5.33530.505
MinimumVisualStudioVersion = 10.0.40219.1
Project("{FAE04EC0-301F-11D3-BF4B-00C04F79EFBC}") = "Exercise2", "Exercise2\Exercise2.csproj", "{AF16AFD0-D5F9-478E-97BC-7E03436D5578}"
EndProject
Global
	GlobalSection(SolutionConfigurationPlatforms) = preSolution
		Debug|Any CPU = Debug|Any CPU
		Release|Any CPU = Release|Any CPU
	EndGlobalSection
	GlobalSection(ProjectConfigurationPlatforms) = postSolution
		{AF16AFD0-D5F9-478E-97BC-7E03436D5578}.Debug|Any CPU.ActiveCfg = Debug|Any CPU
		{AF16AFD0-D5F9-478E-97BC-7E03436D5578}.Debug|Any CPU.Build.0 = Debug|Any CPU
		{AF16AFD0-D5F9-478E-97BC-7E03436D5578}.Release|Any CPU.ActiveCfg = Release|Any CPU
		{AF16AFD0-D5F9-478E-97BC-7E03436D5578}.Release|Any CPU.Build.0 = Release|Any CPU
	EndGlobalSection
	GlobalSection(SolutionProperties) = preSolution
		HideSolutionNode = FALSE
	EndGlobalSection
	GlobalSection(ExtensibilityGlobals) = postSolution
		SolutionGuid = {FABB72BF-4279-4D0D-8F64-6ADC72083DF9}
	EndGlobalSection
EndGlobal
