
Microsoft Visual Studio Solution File, Format Version 12.00
# Visual Studio Version 17
VisualStudioVersion = 17.11.35327.3
MinimumVisualStudioVersion = 10.0.40219.1
Project("{FAE04EC0-301F-11D3-BF4B-00C04F79EFBC}") = "Exercise4", "Exercise4.csproj", "{E723D47C-7354-4570-A770-342DB75D72AC}"
EndProject
Global
	GlobalSection(SolutionConfigurationPlatforms) = preSolution
		Debug|Any CPU = Debug|Any CPU
		Release|Any CPU = Release|Any CPU
	EndGlobalSection
	GlobalSection(ProjectConfigurationPlatforms) = postSolution
		{E723D47C-7354-4570-A770-342DB75D72AC}.Debug|Any CPU.ActiveCfg = Debug|Any CPU
		{E723D47C-7354-4570-A770-342DB75D72AC}.Debug|Any CPU.Build.0 = Debug|Any CPU
		{E723D47C-7354-4570-A770-342DB75D72AC}.Release|Any CPU.ActiveCfg = Release|Any CPU
		{E723D47C-7354-4570-A770-342DB75D72AC}.Release|Any CPU.Build.0 = Release|Any CPU
	EndGlobalSection
	GlobalSection(SolutionProperties) = preSolution
		HideSolutionNode = FALSE
	EndGlobalSection
	GlobalSection(ExtensibilityGlobals) = postSolution
		SolutionGuid = {27C4679E-3FBF-4F14-8885-646A0C044E70}
	EndGlobalSection
EndGlobal
